
Microsoft Visual Studio Solution File, Format Version 12.00
# Visual Studio Version 16
VisualStudioVersion = 16.0.29123.89
MinimumVisualStudioVersion = 10.0.40219.1
Project("{FAE04EC0-301F-11D3-BF4B-00C04F79EFBC}") = "MitraisTest", "MitraisTest\MitraisTest.csproj", "{B436CEBD-FC63-4504-AB2C-CF909EE9FE0B}"
EndProject
Project("{FAE04EC0-301F-11D3-BF4B-00C04F79EFBC}") = "UnitTestProject", "UnitTestProject\UnitTestProject.csproj", "{2C2EF433-AD8E-4071-B83A-034B5D2B9E19}"
EndProject
Global
	GlobalSection(SolutionConfigurationPlatforms) = preSolution
		Debug|Any CPU = Debug|Any CPU
		Release|Any CPU = Release|Any CPU
	EndGlobalSection
	GlobalSection(ProjectConfigurationPlatforms) = postSolution
		{B436CEBD-FC63-4504-AB2C-CF909EE9FE0B}.Debug|Any CPU.ActiveCfg = Debug|Any CPU
		{B436CEBD-FC63-4504-AB2C-CF909EE9FE0B}.Debug|Any CPU.Build.0 = Debug|Any CPU
		{B436CEBD-FC63-4504-AB2C-CF909EE9FE0B}.Release|Any CPU.ActiveCfg = Release|Any CPU
		{B436CEBD-FC63-4504-AB2C-CF909EE9FE0B}.Release|Any CPU.Build.0 = Release|Any CPU
		{2C2EF433-AD8E-4071-B83A-034B5D2B9E19}.Debug|Any CPU.ActiveCfg = Debug|Any CPU
		{2C2EF433-AD8E-4071-B83A-034B5D2B9E19}.Debug|Any CPU.Build.0 = Debug|Any CPU
		{2C2EF433-AD8E-4071-B83A-034B5D2B9E19}.Release|Any CPU.ActiveCfg = Release|Any CPU
		{2C2EF433-AD8E-4071-B83A-034B5D2B9E19}.Release|Any CPU.Build.0 = Release|Any CPU
	EndGlobalSection
	GlobalSection(SolutionProperties) = preSolution
		HideSolutionNode = FALSE
	EndGlobalSection
	GlobalSection(ExtensibilityGlobals) = postSolution
		SolutionGuid = {DB48B6DE-9305-4208-BFDE-3B34DED6754D}
	EndGlobalSection
EndGlobal
